// !$*UTF8*$!
{
	archiveVersion = 1;
	classes = {
	};
	objectVersion = 46;
	objects = {

/* Begin PBXBuildFile section */
		B4A6648A1854E150009B0ACB /* Foundation.framework in Frameworks */ = {isa = PBXBuildFile; fileRef = B4A664891854E150009B0ACB /* Foundation.framework */; };
		B4A6648C1854E150009B0ACB /* CoreGraphics.framework in Frameworks */ = {isa = PBXBuildFile; fileRef = B4A6648B1854E150009B0ACB /* CoreGraphics.framework */; };
		B4A6648E1854E150009B0ACB /* UIKit.framework in Frameworks */ = {isa = PBXBuildFile; fileRef = B4A6648D1854E150009B0ACB /* UIKit.framework */; };
		B4A664941854E150009B0ACB /* InfoPlist.strings in Resources */ = {isa = PBXBuildFile; fileRef = B4A664921854E150009B0ACB /* InfoPlist.strings */; };
		B4A664961854E150009B0ACB /* main.m in Sources */ = {isa = PBXBuildFile; fileRef = B4A664951854E150009B0ACB /* main.m */; };
		B4A6649A1854E150009B0ACB /* MAKRAppDelegate.m in Sources */ = {isa = PBXBuildFile; fileRef = B4A664991854E150009B0ACB /* MAKRAppDelegate.m */; };
		B4A6649D1854E150009B0ACB /* Main.storyboard in Resources */ = {isa = PBXBuildFile; fileRef = B4A6649B1854E150009B0ACB /* Main.storyboard */; };
		B4A664A01854E150009B0ACB /* MAKRViewController.m in Sources */ = {isa = PBXBuildFile; fileRef = B4A6649F1854E150009B0ACB /* MAKRViewController.m */; };
		B4A664A21854E150009B0ACB /* Images.xcassets in Resources */ = {isa = PBXBuildFile; fileRef = B4A664A11854E150009B0ACB /* Images.xcassets */; };
		B4A664A91854E150009B0ACB /* XCTest.framework in Frameworks */ = {isa = PBXBuildFile; fileRef = B4A664A81854E150009B0ACB /* XCTest.framework */; };
		B4A664AA1854E150009B0ACB /* Foundation.framework in Frameworks */ = {isa = PBXBuildFile; fileRef = B4A664891854E150009B0ACB /* Foundation.framework */; };
		B4A664AB1854E150009B0ACB /* UIKit.framework in Frameworks */ = {isa = PBXBuildFile; fileRef = B4A6648D1854E150009B0ACB /* UIKit.framework */; };
		B4A664B31854E150009B0ACB /* InfoPlist.strings in Resources */ = {isa = PBXBuildFile; fileRef = B4A664B11854E150009B0ACB /* InfoPlist.strings */; };
		B4A664B51854E150009B0ACB /* MapKit_Callout_ViewsTests.m in Sources */ = {isa = PBXBuildFile; fileRef = B4A664B41854E150009B0ACB /* MapKit_Callout_ViewsTests.m */; };
		B4A664C01854E1B5009B0ACB /* MAKRSampleAnnotation.m in Sources */ = {isa = PBXBuildFile; fileRef = B4A664BF1854E1B5009B0ACB /* MAKRSampleAnnotation.m */; };
		B4A664C21854E334009B0ACB /* MapKit.framework in Frameworks */ = {isa = PBXBuildFile; fileRef = B4A664C11854E334009B0ACB /* MapKit.framework */; };
		B4E1583718561C6000ED3895 /* MAKRCalloutView.m in Sources */ = {isa = PBXBuildFile; fileRef = B4E1583618561C6000ED3895 /* MAKRCalloutView.m */; };
/* End PBXBuildFile section */

/* Begin PBXContainerItemProxy section */
		B4A664AC1854E150009B0ACB /* PBXContainerItemProxy */ = {
			isa = PBXContainerItemProxy;
			containerPortal = B4A6647E1854E150009B0ACB /* Project object */;
			proxyType = 1;
			remoteGlobalIDString = B4A664851854E150009B0ACB;
			remoteInfo = "MapKit Callout-Views";
		};
/* End PBXContainerItemProxy section */

/* Begin PBXFileReference section */
		B4A664861854E150009B0ACB /* MapKit Callout-Views.app */ = {isa = PBXFileReference; explicitFileType = wrapper.application; includeInIndex = 0; path = "MapKit Callout-Views.app"; sourceTree = BUILT_PRODUCTS_DIR; };
		B4A664891854E150009B0ACB /* Foundation.framework */ = {isa = PBXFileReference; lastKnownFileType = wrapper.framework; name = Foundation.framework; path = System/Library/Frameworks/Foundation.framework; sourceTree = SDKROOT; };
		B4A6648B1854E150009B0ACB /* CoreGraphics.framework */ = {isa = PBXFileReference; lastKnownFileType = wrapper.framework; name = CoreGraphics.framework; path = System/Library/Frameworks/CoreGraphics.framework; sourceTree = SDKROOT; };
		B4A6648D1854E150009B0ACB /* UIKit.framework */ = {isa = PBXFileReference; lastKnownFileType = wrapper.framework; name = UIKit.framework; path = System/Library/Frameworks/UIKit.framework; sourceTree = SDKROOT; };
		B4A664911854E150009B0ACB /* MapKit Callout-Views-Info.plist */ = {isa = PBXFileReference; lastKnownFileType = text.plist.xml; path = "MapKit Callout-Views-Info.plist"; sourceTree = "<group>"; };
		B4A664931854E150009B0ACB /* en */ = {isa = PBXFileReference; lastKnownFileType = text.plist.strings; name = en; path = en.lproj/InfoPlist.strings; sourceTree = "<group>"; };
		B4A664951854E150009B0ACB /* main.m */ = {isa = PBXFileReference; lastKnownFileType = sourcecode.c.objc; path = main.m; sourceTree = "<group>"; };
		B4A664971854E150009B0ACB /* MapKit Callout-Views-Prefix.pch */ = {isa = PBXFileReference; lastKnownFileType = sourcecode.c.h; path = "MapKit Callout-Views-Prefix.pch"; sourceTree = "<group>"; };
		B4A664981854E150009B0ACB /* MAKRAppDelegate.h */ = {isa = PBXFileReference; lastKnownFileType = sourcecode.c.h; path = MAKRAppDelegate.h; sourceTree = "<group>"; };
		B4A664991854E150009B0ACB /* MAKRAppDelegate.m */ = {isa = PBXFileReference; lastKnownFileType = sourcecode.c.objc; path = MAKRAppDelegate.m; sourceTree = "<group>"; };
		B4A6649C1854E150009B0ACB /* Base */ = {isa = PBXFileReference; lastKnownFileType = file.storyboard; name = Base; path = Base.lproj/Main.storyboard; sourceTree = "<group>"; };
		B4A6649E1854E150009B0ACB /* MAKRViewController.h */ = {isa = PBXFileReference; lastKnownFileType = sourcecode.c.h; path = MAKRViewController.h; sourceTree = "<group>"; };
		B4A6649F1854E150009B0ACB /* MAKRViewController.m */ = {isa = PBXFileReference; lastKnownFileType = sourcecode.c.objc; path = MAKRViewController.m; sourceTree = "<group>"; };
		B4A664A11854E150009B0ACB /* Images.xcassets */ = {isa = PBXFileReference; lastKnownFileType = folder.assetcatalog; path = Images.xcassets; sourceTree = "<group>"; };
		B4A664A71854E150009B0ACB /* MapKit Callout-ViewsTests.xctest */ = {isa = PBXFileReference; explicitFileType = wrapper.cfbundle; includeInIndex = 0; path = "MapKit Callout-ViewsTests.xctest"; sourceTree = BUILT_PRODUCTS_DIR; };
		B4A664A81854E150009B0ACB /* XCTest.framework */ = {isa = PBXFileReference; lastKnownFileType = wrapper.framework; name = XCTest.framework; path = Library/Frameworks/XCTest.framework; sourceTree = DEVELOPER_DIR; };
		B4A664B01854E150009B0ACB /* MapKit Callout-ViewsTests-Info.plist */ = {isa = PBXFileReference; lastKnownFileType = text.plist.xml; path = "MapKit Callout-ViewsTests-Info.plist"; sourceTree = "<group>"; };
		B4A664B21854E150009B0ACB /* en */ = {isa = PBXFileReference; lastKnownFileType = text.plist.strings; name = en; path = en.lproj/InfoPlist.strings; sourceTree = "<group>"; };
		B4A664B41854E150009B0ACB /* MapKit_Callout_ViewsTests.m */ = {isa = PBXFileReference; lastKnownFileType = sourcecode.c.objc; path = MapKit_Callout_ViewsTests.m; sourceTree = "<group>"; };
		B4A664BE1854E1B5009B0ACB /* MAKRSampleAnnotation.h */ = {isa = PBXFileReference; fileEncoding = 4; lastKnownFileType = sourcecode.c.h; path = MAKRSampleAnnotation.h; sourceTree = "<group>"; };
		B4A664BF1854E1B5009B0ACB /* MAKRSampleAnnotation.m */ = {isa = PBXFileReference; fileEncoding = 4; lastKnownFileType = sourcecode.c.objc; path = MAKRSampleAnnotation.m; sourceTree = "<group>"; };
		B4A664C11854E334009B0ACB /* MapKit.framework */ = {isa = PBXFileReference; lastKnownFileType = wrapper.framework; name = MapKit.framework; path = System/Library/Frameworks/MapKit.framework; sourceTree = SDKROOT; };
		B4E1583518561C6000ED3895 /* MAKRCalloutView.h */ = {isa = PBXFileReference; fileEncoding = 4; lastKnownFileType = sourcecode.c.h; path = MAKRCalloutView.h; sourceTree = "<group>"; };
		B4E1583618561C6000ED3895 /* MAKRCalloutView.m */ = {isa = PBXFileReference; fileEncoding = 4; lastKnownFileType = sourcecode.c.objc; path = MAKRCalloutView.m; sourceTree = "<group>"; };
/* End PBXFileReference section */

/* Begin PBXFrameworksBuildPhase section */
		B4A664831854E150009B0ACB /* Frameworks */ = {
			isa = PBXFrameworksBuildPhase;
			buildActionMask = 2147483647;
			files = (
				B4A664C21854E334009B0ACB /* MapKit.framework in Frameworks */,
				B4A6648C1854E150009B0ACB /* CoreGraphics.framework in Frameworks */,
				B4A6648E1854E150009B0ACB /* UIKit.framework in Frameworks */,
				B4A6648A1854E150009B0ACB /* Foundation.framework in Frameworks */,
			);
			runOnlyForDeploymentPostprocessing = 0;
		};
		B4A664A41854E150009B0ACB /* Frameworks */ = {
			isa = PBXFrameworksBuildPhase;
			buildActionMask = 2147483647;
			files = (
				B4A664A91854E150009B0ACB /* XCTest.framework in Frameworks */,
				B4A664AB1854E150009B0ACB /* UIKit.framework in Frameworks */,
				B4A664AA1854E150009B0ACB /* Foundation.framework in Frameworks */,
			);
			runOnlyForDeploymentPostprocessing = 0;
		};
/* End PBXFrameworksBuildPhase section */

/* Begin PBXGroup section */
		B4A6647D1854E150009B0ACB = {
			isa = PBXGroup;
			children = (
				B4A6648F1854E150009B0ACB /* MapKit Callout-Views */,
				B4A664AE1854E150009B0ACB /* MapKit Callout-ViewsTests */,
				B4A664881854E150009B0ACB /* Frameworks */,
				B4A664871854E150009B0ACB /* Products */,
			);
			sourceTree = "<group>";
		};
		B4A664871854E150009B0ACB /* Products */ = {
			isa = PBXGroup;
			children = (
				B4A664861854E150009B0ACB /* MapKit Callout-Views.app */,
				B4A664A71854E150009B0ACB /* MapKit Callout-ViewsTests.xctest */,
			);
			name = Products;
			sourceTree = "<group>";
		};
		B4A664881854E150009B0ACB /* Frameworks */ = {
			isa = PBXGroup;
			children = (
				B4A664C11854E334009B0ACB /* MapKit.framework */,
				B4A664891854E150009B0ACB /* Foundation.framework */,
				B4A6648B1854E150009B0ACB /* CoreGraphics.framework */,
				B4A6648D1854E150009B0ACB /* UIKit.framework */,
				B4A664A81854E150009B0ACB /* XCTest.framework */,
			);
			name = Frameworks;
			sourceTree = "<group>";
		};
		B4A6648F1854E150009B0ACB /* MapKit Callout-Views */ = {
			isa = PBXGroup;
			children = (
				B4A664981854E150009B0ACB /* MAKRAppDelegate.h */,
				B4A664991854E150009B0ACB /* MAKRAppDelegate.m */,
				B4A6649B1854E150009B0ACB /* Main.storyboard */,
				B4A6649E1854E150009B0ACB /* MAKRViewController.h */,
				B4A6649F1854E150009B0ACB /* MAKRViewController.m */,
				B4A664BE1854E1B5009B0ACB /* MAKRSampleAnnotation.h */,
				B4A664BF1854E1B5009B0ACB /* MAKRSampleAnnotation.m */,
				B4E1583518561C6000ED3895 /* MAKRCalloutView.h */,
				B4E1583618561C6000ED3895 /* MAKRCalloutView.m */,
				B4A664A11854E150009B0ACB /* Images.xcassets */,
				B4A664901854E150009B0ACB /* Supporting Files */,
			);
			path = "MapKit Callout-Views";
			sourceTree = "<group>";
		};
		B4A664901854E150009B0ACB /* Supporting Files */ = {
			isa = PBXGroup;
			children = (
				B4A664911854E150009B0ACB /* MapKit Callout-Views-Info.plist */,
				B4A664921854E150009B0ACB /* InfoPlist.strings */,
				B4A664951854E150009B0ACB /* main.m */,
				B4A664971854E150009B0ACB /* MapKit Callout-Views-Prefix.pch */,
			);
			name = "Supporting Files";
			sourceTree = "<group>";
		};
		B4A664AE1854E150009B0ACB /* MapKit Callout-ViewsTests */ = {
			isa = PBXGroup;
			children = (
				B4A664B41854E150009B0ACB /* MapKit_Callout_ViewsTests.m */,
				B4A664AF1854E150009B0ACB /* Supporting Files */,
			);
			path = "MapKit Callout-ViewsTests";
			sourceTree = "<group>";
		};
		B4A664AF1854E150009B0ACB /* Supporting Files */ = {
			isa = PBXGroup;
			children = (
				B4A664B01854E150009B0ACB /* MapKit Callout-ViewsTests-Info.plist */,
				B4A664B11854E150009B0ACB /* InfoPlist.strings */,
			);
			name = "Supporting Files";
			sourceTree = "<group>";
		};
/* End PBXGroup section */

/* Begin PBXNativeTarget section */
		B4A664851854E150009B0ACB /* MapKit Callout-Views */ = {
			isa = PBXNativeTarget;
			buildConfigurationList = B4A664B81854E150009B0ACB /* Build configuration list for PBXNativeTarget "MapKit Callout-Views" */;
			buildPhases = (
				B4A664821854E150009B0ACB /* Sources */,
				B4A664831854E150009B0ACB /* Frameworks */,
				B4A664841854E150009B0ACB /* Resources */,
			);
			buildRules = (
			);
			dependencies = (
			);
			name = "MapKit Callout-Views";
			productName = "MapKit Callout-Views";
			productReference = B4A664861854E150009B0ACB /* MapKit Callout-Views.app */;
			productType = "com.apple.product-type.application";
		};
		B4A664A61854E150009B0ACB /* MapKit Callout-ViewsTests */ = {
			isa = PBXNativeTarget;
			buildConfigurationList = B4A664BB1854E150009B0ACB /* Build configuration list for PBXNativeTarget "MapKit Callout-ViewsTests" */;
			buildPhases = (
				B4A664A31854E150009B0ACB /* Sources */,
				B4A664A41854E150009B0ACB /* Frameworks */,
				B4A664A51854E150009B0ACB /* Resources */,
			);
			buildRules = (
			);
			dependencies = (
				B4A664AD1854E150009B0ACB /* PBXTargetDependency */,
			);
			name = "MapKit Callout-ViewsTests";
			productName = "MapKit Callout-ViewsTests";
			productReference = B4A664A71854E150009B0ACB /* MapKit Callout-ViewsTests.xctest */;
			productType = "com.apple.product-type.bundle.unit-test";
		};
/* End PBXNativeTarget section */

/* Begin PBXProject section */
		B4A6647E1854E150009B0ACB /* Project object */ = {
			isa = PBXProject;
			attributes = {
				CLASSPREFIX = MAKR;
				LastUpgradeCheck = 0500;
				ORGANIZATIONNAME = alexrepty;
				TargetAttributes = {
					B4A664A61854E150009B0ACB = {
						TestTargetID = B4A664851854E150009B0ACB;
					};
				};
			};
			buildConfigurationList = B4A664811854E150009B0ACB /* Build configuration list for PBXProject "MapKit Callout-Views" */;
			compatibilityVersion = "Xcode 3.2";
			developmentRegion = English;
			hasScannedForEncodings = 0;
			knownRegions = (
				en,
				Base,
			);
			mainGroup = B4A6647D1854E150009B0ACB;
			productRefGroup = B4A664871854E150009B0ACB /* Products */;
			projectDirPath = "";
			projectRoot = "";
			targets = (
				B4A664851854E150009B0ACB /* MapKit Callout-Views */,
				B4A664A61854E150009B0ACB /* MapKit Callout-ViewsTests */,
			);
		};
/* End PBXProject section */

/* Begin PBXResourcesBuildPhase section */
		B4A664841854E150009B0ACB /* Resources */ = {
			isa = PBXResourcesBuildPhase;
			buildActionMask = 2147483647;
			files = (
				B4A664A21854E150009B0ACB /* Images.xcassets in Resources */,
				B4A664941854E150009B0ACB /* InfoPlist.strings in Resources */,
				B4A6649D1854E150009B0ACB /* Main.storyboard in Resources */,
			);
			runOnlyForDeploymentPostprocessing = 0;
		};
		B4A664A51854E150009B0ACB /* Resources */ = {
			isa = PBXResourcesBuildPhase;
			buildActionMask = 2147483647;
			files = (
				B4A664B31854E150009B0ACB /* InfoPlist.strings in Resources */,
			);
			runOnlyForDeploymentPostprocessing = 0;
		};
/* End PBXResourcesBuildPhase section */

/* Begin PBXSourcesBuildPhase section */
		B4A664821854E150009B0ACB /* Sources */ = {
			isa = PBXSourcesBuildPhase;
			buildActionMask = 2147483647;
			files = (
				B4A664961854E150009B0ACB /* main.m in Sources */,
				B4E1583718561C6000ED3895 /* MAKRCalloutView.m in Sources */,
				B4A664C01854E1B5009B0ACB /* MAKRSampleAnnotation.m in Sources */,
				B4A664A01854E150009B0ACB /* MAKRViewController.m in Sources */,
				B4A6649A1854E150009B0ACB /* MAKRAppDelegate.m in Sources */,
			);
			runOnlyForDeploymentPostprocessing = 0;
		};
		B4A664A31854E150009B0ACB /* Sources */ = {
			isa = PBXSourcesBuildPhase;
			buildActionMask = 2147483647;
			files = (
				B4A664B51854E150009B0ACB /* MapKit_Callout_ViewsTests.m in Sources */,
			);
			runOnlyForDeploymentPostprocessing = 0;
		};
/* End PBXSourcesBuildPhase section */

/* Begin PBXTargetDependency section */
		B4A664AD1854E150009B0ACB /* PBXTargetDependency */ = {
			isa = PBXTargetDependency;
			target = B4A664851854E150009B0ACB /* MapKit Callout-Views */;
			targetProxy = B4A664AC1854E150009B0ACB /* PBXContainerItemProxy */;
		};
/* End PBXTargetDependency section */

/* Begin PBXVariantGroup section */
		B4A664921854E150009B0ACB /* InfoPlist.strings */ = {
			isa = PBXVariantGroup;
			children = (
				B4A664931854E150009B0ACB /* en */,
			);
			name = InfoPlist.strings;
			sourceTree = "<group>";
		};
		B4A6649B1854E150009B0ACB /* Main.storyboard */ = {
			isa = PBXVariantGroup;
			children = (
				B4A6649C1854E150009B0ACB /* Base */,
			);
			name = Main.storyboard;
			sourceTree = "<group>";
		};
		B4A664B11854E150009B0ACB /* InfoPlist.strings */ = {
			isa = PBXVariantGroup;
			children = (
				B4A664B21854E150009B0ACB /* en */,
			);
			name = InfoPlist.strings;
			sourceTree = "<group>";
		};
/* End PBXVariantGroup section */

/* Begin XCBuildConfiguration section */
		B4A664B61854E150009B0ACB /* Debug */ = {
			isa = XCBuildConfiguration;
			buildSettings = {
				ALWAYS_SEARCH_USER_PATHS = NO;
				ARCHS = "$(ARCHS_STANDARD_INCLUDING_64_BIT)";
				CLANG_CXX_LANGUAGE_STANDARD = "gnu++0x";
				CLANG_CXX_LIBRARY = "libc++";
				CLANG_ENABLE_MODULES = YES;
				CLANG_ENABLE_OBJC_ARC = YES;
				CLANG_WARN_BOOL_CONVERSION = YES;
				CLANG_WARN_CONSTANT_CONVERSION = YES;
				CLANG_WARN_DIRECT_OBJC_ISA_USAGE = YES_ERROR;
				CLANG_WARN_EMPTY_BODY = YES;
				CLANG_WARN_ENUM_CONVERSION = YES;
				CLANG_WARN_INT_CONVERSION = YES;
				CLANG_WARN_OBJC_ROOT_CLASS = YES_ERROR;
				CLANG_WARN__DUPLICATE_METHOD_MATCH = YES;
				"CODE_SIGN_IDENTITY[sdk=iphoneos*]" = "iPhone Developer";
				COPY_PHASE_STRIP = NO;
				GCC_C_LANGUAGE_STANDARD = gnu99;
				GCC_DYNAMIC_NO_PIC = NO;
				GCC_OPTIMIZATION_LEVEL = 0;
				GCC_PREPROCESSOR_DEFINITIONS = (
					"DEBUG=1",
					"$(inherited)",
				);
				GCC_SYMBOLS_PRIVATE_EXTERN = NO;
				GCC_WARN_64_TO_32_BIT_CONVERSION = YES;
				GCC_WARN_ABOUT_RETURN_TYPE = YES_ERROR;
				GCC_WARN_UNDECLARED_SELECTOR = YES;
				GCC_WARN_UNINITIALIZED_AUTOS = YES;
				GCC_WARN_UNUSED_FUNCTION = YES;
				GCC_WARN_UNUSED_VARIABLE = YES;
				IPHONEOS_DEPLOYMENT_TARGET = 7.0;
				ONLY_ACTIVE_ARCH = YES;
				SDKROOT = iphoneos;
			};
			name = Debug;
		};
		B4A664B71854E150009B0ACB /* Release */ = {
			isa = XCBuildConfiguration;
			buildSettings = {
				ALWAYS_SEARCH_USER_PATHS = NO;
				ARCHS = "$(ARCHS_STANDARD_INCLUDING_64_BIT)";
				CLANG_CXX_LANGUAGE_STANDARD = "gnu++0x";
				CLANG_CXX_LIBRARY = "libc++";
				CLANG_ENABLE_MODULES = YES;
				CLANG_ENABLE_OBJC_ARC = YES;
				CLANG_WARN_BOOL_CONVERSION = YES;
				CLANG_WARN_CONSTANT_CONVERSION = YES;
				CLANG_WARN_DIRECT_OBJC_ISA_USAGE = YES_ERROR;
				CLANG_WARN_EMPTY_BODY = YES;
				CLANG_WARN_ENUM_CONVERSION = YES;
				CLANG_WARN_INT_CONVERSION = YES;
				CLANG_WARN_OBJC_ROOT_CLASS = YES_ERROR;
				CLANG_WARN__DUPLICATE_METHOD_MATCH = YES;
				"CODE_SIGN_IDENTITY[sdk=iphoneos*]" = "iPhone Developer";
				COPY_PHASE_STRIP = YES;
				ENABLE_NS_ASSERTIONS = NO;
				GCC_C_LANGUAGE_STANDARD = gnu99;
				GCC_WARN_64_TO_32_BIT_CONVERSION = YES;
				GCC_WARN_ABOUT_RETURN_TYPE = YES_ERROR;
				GCC_WARN_UNDECLARED_SELECTOR = YES;
				GCC_WARN_UNINITIALIZED_AUTOS = YES;
				GCC_WARN_UNUSED_FUNCTION = YES;
				GCC_WARN_UNUSED_VARIABLE = YES;
				IPHONEOS_DEPLOYMENT_TARGET = 7.0;
				SDKROOT = iphoneos;
				VALIDATE_PRODUCT = YES;
			};
			name = Release;
		};
		B4A664B91854E150009B0ACB /* Debug */ = {
			isa = XCBuildConfiguration;
			buildSettings = {
				ASSETCATALOG_COMPILER_APPICON_NAME = AppIcon;
				ASSETCATALOG_COMPILER_LAUNCHIMAGE_NAME = LaunchImage;
				GCC_PRECOMPILE_PREFIX_HEADER = YES;
				GCC_PREFIX_HEADER = "MapKit Callout-Views/MapKit Callout-Views-Prefix.pch";
				INFOPLIST_FILE = "MapKit Callout-Views/MapKit Callout-Views-Info.plist";
				IPHONEOS_DEPLOYMENT_TARGET = 6.1;
				PRODUCT_NAME = "$(TARGET_NAME)";
				WRAPPER_EXTENSION = app;
			};
			name = Debug;
		};
		B4A664BA1854E150009B0ACB /* Release */ = {
			isa = XCBuildConfiguration;
			buildSettings = {
				ASSETCATALOG_COMPILER_APPICON_NAME = AppIcon;
				ASSETCATALOG_COMPILER_LAUNCHIMAGE_NAME = LaunchImage;
				GCC_PRECOMPILE_PREFIX_HEADER = YES;
				GCC_PREFIX_HEADER = "MapKit Callout-Views/MapKit Callout-Views-Prefix.pch";
				INFOPLIST_FILE = "MapKit Callout-Views/MapKit Callout-Views-Info.plist";
				IPHONEOS_DEPLOYMENT_TARGET = 6.1;
				PRODUCT_NAME = "$(TARGET_NAME)";
				WRAPPER_EXTENSION = app;
			};
			name = Release;
		};
		B4A664BC1854E150009B0ACB /* Debug */ = {
			isa = XCBuildConfiguration;
			buildSettings = {
				ARCHS = "$(ARCHS_STANDARD_INCLUDING_64_BIT)";
				BUNDLE_LOADER = "$(BUILT_PRODUCTS_DIR)/MapKit Callout-Views.app/MapKit Callout-Views";
				FRAMEWORK_SEARCH_PATHS = (
					"$(SDKROOT)/Developer/Library/Frameworks",
					"$(inherited)",
					"$(DEVELOPER_FRAMEWORKS_DIR)",
				);
				GCC_PRECOMPILE_PREFIX_HEADER = YES;
				GCC_PREFIX_HEADER = "MapKit Callout-Views/MapKit Callout-Views-Prefix.pch";
				GCC_PREPROCESSOR_DEFINITIONS = (
					"DEBUG=1",
					"$(inherited)",
				);
				INFOPLIST_FILE = "MapKit Callout-ViewsTests/MapKit Callout-ViewsTests-Info.plist";
				PRODUCT_NAME = "$(TARGET_NAME)";
				TEST_HOST = "$(BUNDLE_LOADER)";
				WRAPPER_EXTENSION = xctest;
			};
			name = Debug;
		};
		B4A664BD1854E150009B0ACB /* Release */ = {
			isa = XCBuildConfiguration;
			buildSettings = {
				ARCHS = "$(ARCHS_STANDARD_INCLUDING_64_BIT)";
				BUNDLE_LOADER = "$(BUILT_PRODUCTS_DIR)/MapKit Callout-Views.app/MapKit Callout-Views";
				FRAMEWORK_SEARCH_PATHS = (
					"$(SDKROOT)/Developer/Library/Frameworks",
					"$(inherited)",
					"$(DEVELOPER_FRAMEWORKS_DIR)",
				);
				GCC_PRECOMPILE_PREFIX_HEADER = YES;
				GCC_PREFIX_HEADER = "MapKit Callout-Views/MapKit Callout-Views-Prefix.pch";
				INFOPLIST_FILE = "MapKit Callout-ViewsTests/MapKit Callout-ViewsTests-Info.plist";
				PRODUCT_NAME = "$(TARGET_NAME)";
				TEST_HOST = "$(BUNDLE_LOADER)";
				WRAPPER_EXTENSION = xctest;
			};
			name = Release;
		};
/* End XCBuildConfiguration section */

/* Begin XCConfigurationList section */
		B4A664811854E150009B0ACB /* Build configuration list for PBXProject "MapKit Callout-Views" */ = {
			isa = XCConfigurationList;
			buildConfigurations = (
				B4A664B61854E150009B0ACB /* Debug */,
				B4A664B71854E150009B0ACB /* Release */,
			);
			defaultConfigurationIsVisible = 0;
			defaultConfigurationName = Release;
		};
		B4A664B81854E150009B0ACB /* Build configuration list for PBXNativeTarget "MapKit Callout-Views" */ = {
			isa = XCConfigurationList;
			buildConfigurations = (
				B4A664B91854E150009B0ACB /* Debug */,
				B4A664BA1854E150009B0ACB /* Release */,
			);
			defaultConfigurationIsVisible = 0;
			defaultConfigurationName = Release;
		};
		B4A664BB1854E150009B0ACB /* Build configuration list for PBXNativeTarget "MapKit Callout-ViewsTests" */ = {
			isa = XCConfigurationList;
			buildConfigurations = (
				B4A664BC1854E150009B0ACB /* Debug */,
				B4A664BD1854E150009B0ACB /* Release */,
			);
			defaultConfigurationIsVisible = 0;
			defaultConfigurationName = Release;
		};
/* End XCConfigurationList section */
	};
	rootObject = B4A6647E1854E150009B0ACB /* Project object */;
}
